
Microsoft Visual Studio Solution File, Format Version 12.00
# Visual Studio 15
VisualStudioVersion = 15.0.28307.1585
MinimumVisualStudioVersion = 10.0.40219.1
Project("{8BC9CEB8-8B4A-11D0-8D11-00A0C91BC942}") = "task2", "task2\task2.vcxproj", "{ABF0A1F8-4B50-40CA-B711-B51AF94B24CC}"
EndProject
Global
	GlobalSection(SolutionConfigurationPlatforms) = preSolution
		Debug|x64 = Debug|x64
		Debug|x86 = Debug|x86
		Release|x64 = Release|x64
		Release|x86 = Release|x86
	EndGlobalSection
	GlobalSection(ProjectConfigurationPlatforms) = postSolution
		{ABF0A1F8-4B50-40CA-B711-B51AF94B24CC}.Debug|x64.ActiveCfg = Debug|x64
		{ABF0A1F8-4B50-40CA-B711-B51AF94B24CC}.Debug|x64.Build.0 = Debug|x64
		{ABF0A1F8-4B50-40CA-B711-B51AF94B24CC}.Debug|x86.ActiveCfg = Debug|Win32
		{ABF0A1F8-4B50-40CA-B711-B51AF94B24CC}.Debug|x86.Build.0 = Debug|Win32
		{ABF0A1F8-4B50-40CA-B711-B51AF94B24CC}.Release|x64.ActiveCfg = Release|x64
		{ABF0A1F8-4B50-40CA-B711-B51AF94B24CC}.Release|x64.Build.0 = Release|x64
		{ABF0A1F8-4B50-40CA-B711-B51AF94B24CC}.Release|x86.ActiveCfg = Release|Win32
		{ABF0A1F8-4B50-40CA-B711-B51AF94B24CC}.Release|x86.Build.0 = Release|Win32
	EndGlobalSection
	GlobalSection(SolutionProperties) = preSolution
		HideSolutionNode = FALSE
	EndGlobalSection
	GlobalSection(ExtensibilityGlobals) = postSolution
		SolutionGuid = {840C823D-E220-49A8-80E9-334F9068385B}
	EndGlobalSection
EndGlobal
